
Microsoft Visual Studio Solution File, Format Version 12.00
# Visual Studio Version 17
VisualStudioVersion = 17.9.34728.123
MinimumVisualStudioVersion = 10.0.40219.1
Project("{2150E333-8FDC-42A3-9474-1A3956D46DE8}") = "Basket", "Basket", "{81D37B41-8041-4F44-B70C-E772387326A8}"
EndProject
Project("{2150E333-8FDC-42A3-9474-1A3956D46DE8}") = "Catalog", "Catalog", "{EC84EDF2-50FE-4F5A-BDFD-E0B056378EBA}"
EndProject
Project("{2150E333-8FDC-42A3-9474-1A3956D46DE8}") = "Ordering", "Ordering", "{924CB32C-B983-4A3F-A997-4FE62AEF8B90}"
EndProject
Project("{9A19103F-16F7-4668-BE54-9A1E7A4F7556}") = "Catalog.Api", "Catalog.Api\Catalog.Api.csproj", "{06F72E9A-BB78-4FE2-B7F2-B3DBF0C1A058}"
EndProject
Project("{E53339B2-1760-4266-BCC7-CA923CBCF16C}") = "docker-compose", "docker-compose.dcproj", "{9B23A106-DF6E-44D2-88B5-A69FE3FB6E56}"
EndProject
Project("{2150E333-8FDC-42A3-9474-1A3956D46DE8}") = "MISC", "MISC", "{2E8D5BA3-4229-4467-9AC1-745FB325E980}"
EndProject
Project("{9A19103F-16F7-4668-BE54-9A1E7A4F7556}") = "TaskAsync", "TaskAsync\TaskAsync.csproj", "{52B5AED5-576B-4DF9-8D32-15BCEA0C8E8D}"
EndProject
Project("{9A19103F-16F7-4668-BE54-9A1E7A4F7556}") = "ExtensionMethods", "ExtensionMethods\ExtensionMethods.csproj", "{8A5D5F8C-7989-4507-BAC4-DD8AAF2D73E0}"
EndProject
Project("{2150E333-8FDC-42A3-9474-1A3956D46DE8}") = "Core", "Core", "{2F1D1129-44ED-4D70-9187-7EF22C1F4C49}"
EndProject
Project("{2150E333-8FDC-42A3-9474-1A3956D46DE8}") = "Services", "Services", "{0D9E955B-6596-4AD1-B491-8AC8B8ED3B74}"
EndProject
Project("{2150E333-8FDC-42A3-9474-1A3956D46DE8}") = "Test", "Test", "{BCFEC3EE-BA41-476D-8A7E-8E6E0BC4F59C}"
EndProject
Project("{FAE04EC0-301F-11D3-BF4B-00C04F79EFBC}") = "Ordering.Application", "Ordering.Application\Ordering.Application.csproj", "{4834EFD7-41EB-4E2B-942A-6C4705221A6D}"
EndProject
Project("{FAE04EC0-301F-11D3-BF4B-00C04F79EFBC}") = "Ordering.Domain", "Ordering.Domain\Ordering.Domain.csproj", "{BE710AD8-8354-4235-853C-F33641FD8FB3}"
EndProject
Project("{FAE04EC0-301F-11D3-BF4B-00C04F79EFBC}") = "Ordering.Infrastructure", "Ordering.Infrastructure\Ordering.Infrastructure.csproj", "{A80F2361-EC63-4C4E-85FA-CBE3E595E6CB}"
EndProject
Project("{FAE04EC0-301F-11D3-BF4B-00C04F79EFBC}") = "Ordering.Api", "Ordering.Api\Ordering.Api.csproj", "{F7776317-13E8-44F2-8E23-9CBC66826785}"
EndProject
Project("{FAE04EC0-301F-11D3-BF4B-00C04F79EFBC}") = "GenericosFunc", "GenericosFunc\GenericosFunc.csproj", "{E9E5A83A-1BED-408C-B72D-49E65E2414DA}"
EndProject
Global
	GlobalSection(SolutionConfigurationPlatforms) = preSolution
		Debug|Any CPU = Debug|Any CPU
		Release|Any CPU = Release|Any CPU
	EndGlobalSection
	GlobalSection(ProjectConfigurationPlatforms) = postSolution
		{06F72E9A-BB78-4FE2-B7F2-B3DBF0C1A058}.Debug|Any CPU.ActiveCfg = Debug|Any CPU
		{06F72E9A-BB78-4FE2-B7F2-B3DBF0C1A058}.Debug|Any CPU.Build.0 = Debug|Any CPU
		{06F72E9A-BB78-4FE2-B7F2-B3DBF0C1A058}.Release|Any CPU.ActiveCfg = Release|Any CPU
		{06F72E9A-BB78-4FE2-B7F2-B3DBF0C1A058}.Release|Any CPU.Build.0 = Release|Any CPU
		{9B23A106-DF6E-44D2-88B5-A69FE3FB6E56}.Debug|Any CPU.ActiveCfg = Debug|Any CPU
		{9B23A106-DF6E-44D2-88B5-A69FE3FB6E56}.Debug|Any CPU.Build.0 = Debug|Any CPU
		{9B23A106-DF6E-44D2-88B5-A69FE3FB6E56}.Release|Any CPU.ActiveCfg = Release|Any CPU
		{9B23A106-DF6E-44D2-88B5-A69FE3FB6E56}.Release|Any CPU.Build.0 = Release|Any CPU
		{52B5AED5-576B-4DF9-8D32-15BCEA0C8E8D}.Debug|Any CPU.ActiveCfg = Debug|Any CPU
		{52B5AED5-576B-4DF9-8D32-15BCEA0C8E8D}.Debug|Any CPU.Build.0 = Debug|Any CPU
		{52B5AED5-576B-4DF9-8D32-15BCEA0C8E8D}.Release|Any CPU.ActiveCfg = Release|Any CPU
		{52B5AED5-576B-4DF9-8D32-15BCEA0C8E8D}.Release|Any CPU.Build.0 = Release|Any CPU
		{8A5D5F8C-7989-4507-BAC4-DD8AAF2D73E0}.Debug|Any CPU.ActiveCfg = Debug|Any CPU
		{8A5D5F8C-7989-4507-BAC4-DD8AAF2D73E0}.Debug|Any CPU.Build.0 = Debug|Any CPU
		{8A5D5F8C-7989-4507-BAC4-DD8AAF2D73E0}.Release|Any CPU.ActiveCfg = Release|Any CPU
		{8A5D5F8C-7989-4507-BAC4-DD8AAF2D73E0}.Release|Any CPU.Build.0 = Release|Any CPU
		{4834EFD7-41EB-4E2B-942A-6C4705221A6D}.Debug|Any CPU.ActiveCfg = Debug|Any CPU
		{4834EFD7-41EB-4E2B-942A-6C4705221A6D}.Debug|Any CPU.Build.0 = Debug|Any CPU
		{4834EFD7-41EB-4E2B-942A-6C4705221A6D}.Release|Any CPU.ActiveCfg = Release|Any CPU
		{4834EFD7-41EB-4E2B-942A-6C4705221A6D}.Release|Any CPU.Build.0 = Release|Any CPU
		{BE710AD8-8354-4235-853C-F33641FD8FB3}.Debug|Any CPU.ActiveCfg = Debug|Any CPU
		{BE710AD8-8354-4235-853C-F33641FD8FB3}.Debug|Any CPU.Build.0 = Debug|Any CPU
		{BE710AD8-8354-4235-853C-F33641FD8FB3}.Release|Any CPU.ActiveCfg = Release|Any CPU
		{BE710AD8-8354-4235-853C-F33641FD8FB3}.Release|Any CPU.Build.0 = Release|Any CPU
		{A80F2361-EC63-4C4E-85FA-CBE3E595E6CB}.Debug|Any CPU.ActiveCfg = Debug|Any CPU
		{A80F2361-EC63-4C4E-85FA-CBE3E595E6CB}.Debug|Any CPU.Build.0 = Debug|Any CPU
		{A80F2361-EC63-4C4E-85FA-CBE3E595E6CB}.Release|Any CPU.ActiveCfg = Release|Any CPU
		{A80F2361-EC63-4C4E-85FA-CBE3E595E6CB}.Release|Any CPU.Build.0 = Release|Any CPU
		{F7776317-13E8-44F2-8E23-9CBC66826785}.Debug|Any CPU.ActiveCfg = Debug|Any CPU
		{F7776317-13E8-44F2-8E23-9CBC66826785}.Debug|Any CPU.Build.0 = Debug|Any CPU
		{F7776317-13E8-44F2-8E23-9CBC66826785}.Release|Any CPU.ActiveCfg = Release|Any CPU
		{F7776317-13E8-44F2-8E23-9CBC66826785}.Release|Any CPU.Build.0 = Release|Any CPU
		{E9E5A83A-1BED-408C-B72D-49E65E2414DA}.Debug|Any CPU.ActiveCfg = Debug|Any CPU
		{E9E5A83A-1BED-408C-B72D-49E65E2414DA}.Debug|Any CPU.Build.0 = Debug|Any CPU
		{E9E5A83A-1BED-408C-B72D-49E65E2414DA}.Release|Any CPU.ActiveCfg = Release|Any CPU
		{E9E5A83A-1BED-408C-B72D-49E65E2414DA}.Release|Any CPU.Build.0 = Release|Any CPU
	EndGlobalSection
	GlobalSection(SolutionProperties) = preSolution
		HideSolutionNode = FALSE
	EndGlobalSection
	GlobalSection(NestedProjects) = preSolution
		{06F72E9A-BB78-4FE2-B7F2-B3DBF0C1A058} = {EC84EDF2-50FE-4F5A-BDFD-E0B056378EBA}
		{52B5AED5-576B-4DF9-8D32-15BCEA0C8E8D} = {2E8D5BA3-4229-4467-9AC1-745FB325E980}
		{8A5D5F8C-7989-4507-BAC4-DD8AAF2D73E0} = {2E8D5BA3-4229-4467-9AC1-745FB325E980}
		{2F1D1129-44ED-4D70-9187-7EF22C1F4C49} = {924CB32C-B983-4A3F-A997-4FE62AEF8B90}
		{0D9E955B-6596-4AD1-B491-8AC8B8ED3B74} = {924CB32C-B983-4A3F-A997-4FE62AEF8B90}
		{BCFEC3EE-BA41-476D-8A7E-8E6E0BC4F59C} = {924CB32C-B983-4A3F-A997-4FE62AEF8B90}
		{4834EFD7-41EB-4E2B-942A-6C4705221A6D} = {2F1D1129-44ED-4D70-9187-7EF22C1F4C49}
		{BE710AD8-8354-4235-853C-F33641FD8FB3} = {2F1D1129-44ED-4D70-9187-7EF22C1F4C49}
		{A80F2361-EC63-4C4E-85FA-CBE3E595E6CB} = {2F1D1129-44ED-4D70-9187-7EF22C1F4C49}
		{F7776317-13E8-44F2-8E23-9CBC66826785} = {0D9E955B-6596-4AD1-B491-8AC8B8ED3B74}
		{E9E5A83A-1BED-408C-B72D-49E65E2414DA} = {2E8D5BA3-4229-4467-9AC1-745FB325E980}
	EndGlobalSection
	GlobalSection(ExtensibilityGlobals) = postSolution
		SolutionGuid = {06E046A8-9AE6-4902-96D9-2BBC3488C054}
	EndGlobalSection
EndGlobal
